
Microsoft Visual Studio Solution File, Format Version 12.00
# Visual Studio Version 17
VisualStudioVersion = 17.0.32126.317
MinimumVisualStudioVersion = 10.0.40219.1
Project("{F184B08F-C81C-45F6-A57F-5ABD9991F28F}") = "Working Memory Training", "Working Memory Training\Working Memory Training.vbproj", "{7DD72B0A-F9CF-4C98-8457-D6A3B7B1030E}"
EndProject
Global
	GlobalSection(SolutionConfigurationPlatforms) = preSolution
		Debug|Any CPU = Debug|Any CPU
		Release|Any CPU = Release|Any CPU
	EndGlobalSection
	GlobalSection(ProjectConfigurationPlatforms) = postSolution
		{7DD72B0A-F9CF-4C98-8457-D6A3B7B1030E}.Debug|Any CPU.ActiveCfg = Debug|Any CPU
		{7DD72B0A-F9CF-4C98-8457-D6A3B7B1030E}.Debug|Any CPU.Build.0 = Debug|Any CPU
		{7DD72B0A-F9CF-4C98-8457-D6A3B7B1030E}.Release|Any CPU.ActiveCfg = Release|Any CPU
		{7DD72B0A-F9CF-4C98-8457-D6A3B7B1030E}.Release|Any CPU.Build.0 = Release|Any CPU
	EndGlobalSection
	GlobalSection(SolutionProperties) = preSolution
		HideSolutionNode = FALSE
	EndGlobalSection
	GlobalSection(ExtensibilityGlobals) = postSolution
		SolutionGuid = {F18FADF3-53CC-454D-AD23-0936317DB31A}
	EndGlobalSection
EndGlobal
